
Microsoft Visual Studio Solution File, Format Version 12.00
# Visual Studio Version 16
VisualStudioVersion = 16.0.29020.237
MinimumVisualStudioVersion = 10.0.40219.1
Project("{2150E333-8FDC-42A3-9474-1A3956D46DE8}") = "Data", "Data", "{EFD5BAA0-1079-4865-8697-75E4FF7C3F64}"
EndProject
Project("{2150E333-8FDC-42A3-9474-1A3956D46DE8}") = "Service", "Service", "{E0E7E103-6A7D-4771-83E0-A087DF5EE118}"
EndProject
Project("{2150E333-8FDC-42A3-9474-1A3956D46DE8}") = "Presentation", "Presentation", "{351494C6-C2CB-44E2-AE1D-74AFCD0AA298}"
EndProject
Project("{9A19103F-16F7-4668-BE54-9A1E7A4F7556}") = "GardenMarket.ViewModel", "Data\GardenMarket.ViewModel\GardenMarket.ViewModel.csproj", "{DEDDE119-0A75-4A37-89B4-39D60A317490}"
EndProject
Project("{9A19103F-16F7-4668-BE54-9A1E7A4F7556}") = "GardenMarket.Data", "Data\GardenMarket.Data\GardenMarket.Data.csproj", "{10A57AB7-3DB1-4210-90B1-E4BE1082F9C9}"
EndProject
Project("{9A19103F-16F7-4668-BE54-9A1E7A4F7556}") = "GardenMarket.Service", "Service\GardenMarket.Service\GardenMarket.Service.csproj", "{A702B5A0-9B00-46B1-98E9-31B3A3F2A9A0}"
EndProject
Project("{9A19103F-16F7-4668-BE54-9A1E7A4F7556}") = "GardenMarket.Common", "Service\GardenMarket.Common\GardenMarket.Common.csproj", "{7C92DEDA-0A83-45CB-927F-1D3C7C1D28C6}"
EndProject
Project("{9A19103F-16F7-4668-BE54-9A1E7A4F7556}") = "GardenMarket.Models", "Data\GardenMarket.Models\GardenMarket.Models.csproj", "{158B914D-42B3-4AE1-AF8A-9B1ABD2A5736}"
EndProject
Project("{FAE04EC0-301F-11D3-BF4B-00C04F79EFBC}") = "GardenMarket.Web", "Presentation\GardenMarket.Web\GardenMarket.Web.csproj", "{C8F42C6F-70F6-487D-8C99-C8E5AD8DFCBF}"
EndProject
Global
	GlobalSection(SolutionConfigurationPlatforms) = preSolution
		Debug|Any CPU = Debug|Any CPU
		Release|Any CPU = Release|Any CPU
	EndGlobalSection
	GlobalSection(ProjectConfigurationPlatforms) = postSolution
		{DEDDE119-0A75-4A37-89B4-39D60A317490}.Debug|Any CPU.ActiveCfg = Debug|Any CPU
		{DEDDE119-0A75-4A37-89B4-39D60A317490}.Debug|Any CPU.Build.0 = Debug|Any CPU
		{DEDDE119-0A75-4A37-89B4-39D60A317490}.Release|Any CPU.ActiveCfg = Release|Any CPU
		{DEDDE119-0A75-4A37-89B4-39D60A317490}.Release|Any CPU.Build.0 = Release|Any CPU
		{10A57AB7-3DB1-4210-90B1-E4BE1082F9C9}.Debug|Any CPU.ActiveCfg = Debug|Any CPU
		{10A57AB7-3DB1-4210-90B1-E4BE1082F9C9}.Debug|Any CPU.Build.0 = Debug|Any CPU
		{10A57AB7-3DB1-4210-90B1-E4BE1082F9C9}.Release|Any CPU.ActiveCfg = Release|Any CPU
		{10A57AB7-3DB1-4210-90B1-E4BE1082F9C9}.Release|Any CPU.Build.0 = Release|Any CPU
		{A702B5A0-9B00-46B1-98E9-31B3A3F2A9A0}.Debug|Any CPU.ActiveCfg = Debug|Any CPU
		{A702B5A0-9B00-46B1-98E9-31B3A3F2A9A0}.Debug|Any CPU.Build.0 = Debug|Any CPU
		{A702B5A0-9B00-46B1-98E9-31B3A3F2A9A0}.Release|Any CPU.ActiveCfg = Release|Any CPU
		{A702B5A0-9B00-46B1-98E9-31B3A3F2A9A0}.Release|Any CPU.Build.0 = Release|Any CPU
		{7C92DEDA-0A83-45CB-927F-1D3C7C1D28C6}.Debug|Any CPU.ActiveCfg = Debug|Any CPU
		{7C92DEDA-0A83-45CB-927F-1D3C7C1D28C6}.Debug|Any CPU.Build.0 = Debug|Any CPU
		{7C92DEDA-0A83-45CB-927F-1D3C7C1D28C6}.Release|Any CPU.ActiveCfg = Release|Any CPU
		{7C92DEDA-0A83-45CB-927F-1D3C7C1D28C6}.Release|Any CPU.Build.0 = Release|Any CPU
		{158B914D-42B3-4AE1-AF8A-9B1ABD2A5736}.Debug|Any CPU.ActiveCfg = Debug|Any CPU
		{158B914D-42B3-4AE1-AF8A-9B1ABD2A5736}.Debug|Any CPU.Build.0 = Debug|Any CPU
		{158B914D-42B3-4AE1-AF8A-9B1ABD2A5736}.Release|Any CPU.ActiveCfg = Release|Any CPU
		{158B914D-42B3-4AE1-AF8A-9B1ABD2A5736}.Release|Any CPU.Build.0 = Release|Any CPU
		{C8F42C6F-70F6-487D-8C99-C8E5AD8DFCBF}.Debug|Any CPU.ActiveCfg = Debug|Any CPU
		{C8F42C6F-70F6-487D-8C99-C8E5AD8DFCBF}.Debug|Any CPU.Build.0 = Debug|Any CPU
		{C8F42C6F-70F6-487D-8C99-C8E5AD8DFCBF}.Release|Any CPU.ActiveCfg = Release|Any CPU
		{C8F42C6F-70F6-487D-8C99-C8E5AD8DFCBF}.Release|Any CPU.Build.0 = Release|Any CPU
	EndGlobalSection
	GlobalSection(SolutionProperties) = preSolution
		HideSolutionNode = FALSE
	EndGlobalSection
	GlobalSection(NestedProjects) = preSolution
		{DEDDE119-0A75-4A37-89B4-39D60A317490} = {EFD5BAA0-1079-4865-8697-75E4FF7C3F64}
		{10A57AB7-3DB1-4210-90B1-E4BE1082F9C9} = {EFD5BAA0-1079-4865-8697-75E4FF7C3F64}
		{A702B5A0-9B00-46B1-98E9-31B3A3F2A9A0} = {E0E7E103-6A7D-4771-83E0-A087DF5EE118}
		{7C92DEDA-0A83-45CB-927F-1D3C7C1D28C6} = {E0E7E103-6A7D-4771-83E0-A087DF5EE118}
		{158B914D-42B3-4AE1-AF8A-9B1ABD2A5736} = {EFD5BAA0-1079-4865-8697-75E4FF7C3F64}
		{C8F42C6F-70F6-487D-8C99-C8E5AD8DFCBF} = {351494C6-C2CB-44E2-AE1D-74AFCD0AA298}
	EndGlobalSection
	GlobalSection(ExtensibilityGlobals) = postSolution
		SolutionGuid = {0E8F0103-3C2F-45D3-846B-BF08C10064F5}
	EndGlobalSection
EndGlobal
